<?xml version="1.0" encoding="utf-8"?>
<Project ToolsVersion="4.0" xmlns="http://schemas.microsoft.com/developer/msbuild/2003">
  <ItemGroup>
    <Filter Include="源文件">
      <UniqueIdentifier>{4FC737F1-C7A5-4376-A066-2A32D752A2FF}</UniqueIdentifier>
      <Extensions>cpp;c;cc;cxx;def;odl;idl;hpj;bat;asm;asmx</Extensions>
    </Filter>
    <Filter Include="头文件">
      <UniqueIdentifier>{93995380-89BD-4b04-88EB-625FBE52EBFB}</UniqueIdentifier>
      <Extensions>h;hh;hpp;hxx;hm;inl;inc;xsd</Extensions>
    </Filter>
    <Filter Include="资源文件">
      <UniqueIdentifier>{67DA6AB6-F800-4c08-8B7A-83BB121AAD01}</UniqueIdentifier>
      <Extensions>rc;ico;cur;bmp;dlg;rc2;rct;bin;rgs;gif;jpg;jpeg;jpe;resx;tiff;tif;png;wav;mfcribbon-ms</Extensions>
    </Filter>
    <Filter Include="头文件\lua">
      <UniqueIdentifier>{c8dd54c0-8aa2-4f47-9217-32f15b0cc7b0}</UniqueIdentifier>
    </Filter>
  </ItemGroup>
  <ItemGroup>
    <ClCompile Include="Dm04_重载运算符.cpp">
      <Filter>源文件</Filter>
    </ClCompile>
    <ClCompile Include="Dm05_继承中成员访问权.cpp">
      <Filter>源文件</Filter>
    </ClCompile>
    <ClCompile Include="Dm06_继承中指针引用.cpp">
      <Filter>源文件</Filter>
    </ClCompile>
    <ClCompile Include="Dm07_多态.cpp">
      <Filter>源文件</Filter>
    </ClCompile>
    <ClCompile Include="Dm08_调用动态库.cpp">
      <Filter>源文件</Filter>
    </ClCompile>
    <ClCompile Include="Dm09_父类调用子类成员函数.cpp">
      <Filter>源文件</Filter>
    </ClCompile>
    <ClCompile Include="Dm10_字符串之间的判断.cpp">
      <Filter>源文件</Filter>
    </ClCompile>
    <ClCompile Include="Dm11_string类型转int.cpp">
      <Filter>源文件</Filter>
    </ClCompile>
    <ClCompile Include="Dm01.cpp">
      <Filter>源文件</Filter>
    </ClCompile>
    <ClCompile Include="Dm02_构造函数.cpp">
      <Filter>源文件</Filter>
    </ClCompile>
    <ClCompile Include="Dm03_成员函数.cpp">
      <Filter>源文件</Filter>
    </ClCompile>
    <ClCompile Include="Dm12_memset的使用.cpp">
      <Filter>源文件</Filter>
    </ClCompile>
    <ClCompile Include="Dm13_win平台的LONGLONG.cpp">
      <Filter>源文件</Filter>
    </ClCompile>
    <ClCompile Include="Dm14_集合的使用.cpp">
      <Filter>源文件</Filter>
    </ClCompile>
    <ClCompile Include="Dm16_获取数组长度.cpp">
      <Filter>源文件</Filter>
    </ClCompile>
    <ClCompile Include="Dm17_Switch使用.cpp">
      <Filter>源文件</Filter>
    </ClCompile>
    <ClCompile Include="Dm15_集合值的修改.cpp">
      <Filter>源文件</Filter>
    </ClCompile>
    <ClCompile Include="Dm18_Lambda回调函数.cpp">
      <Filter>源文件</Filter>
    </ClCompile>
    <ClCompile Include="Dm19_随机数.cpp">
      <Filter>源文件</Filter>
    </ClCompile>
    <ClCompile Include="Dm20_Struct字节对齐.cpp">
      <Filter>源文件</Filter>
    </ClCompile>
    <ClCompile Include="Dm21_函数指针.cpp">
      <Filter>源文件</Filter>
    </ClCompile>
    <ClCompile Include="lua\lstrlib.c">
      <Filter>头文件\lua</Filter>
    </ClCompile>
    <ClCompile Include="lua\ltable.c">
      <Filter>头文件\lua</Filter>
    </ClCompile>
    <ClCompile Include="lua\ltablib.c">
      <Filter>头文件\lua</Filter>
    </ClCompile>
    <ClCompile Include="lua\ltm.c">
      <Filter>头文件\lua</Filter>
    </ClCompile>
    <ClCompile Include="lua\lua.c">
      <Filter>头文件\lua</Filter>
    </ClCompile>
    <ClCompile Include="lua\luac.c">
      <Filter>头文件\lua</Filter>
    </ClCompile>
    <ClCompile Include="lua\lundump.c">
      <Filter>头文件\lua</Filter>
    </ClCompile>
    <ClCompile Include="lua\lutf8lib.c">
      <Filter>头文件\lua</Filter>
    </ClCompile>
    <ClCompile Include="lua\lvm.c">
      <Filter>头文件\lua</Filter>
    </ClCompile>
    <ClCompile Include="lua\lzio.c">
      <Filter>头文件\lua</Filter>
    </ClCompile>
    <ClCompile Include="lua\lapi.c">
      <Filter>头文件\lua</Filter>
    </ClCompile>
    <ClCompile Include="lua\lauxlib.c">
      <Filter>头文件\lua</Filter>
    </ClCompile>
    <ClCompile Include="lua\lbaselib.c">
      <Filter>头文件\lua</Filter>
    </ClCompile>
    <ClCompile Include="lua\lcode.c">
      <Filter>头文件\lua</Filter>
    </ClCompile>
    <ClCompile Include="lua\lcorolib.c">
      <Filter>头文件\lua</Filter>
    </ClCompile>
    <ClCompile Include="lua\lctype.c">
      <Filter>头文件\lua</Filter>
    </ClCompile>
    <ClCompile Include="lua\ldblib.c">
      <Filter>头文件\lua</Filter>
    </ClCompile>
    <ClCompile Include="lua\ldebug.c">
      <Filter>头文件\lua</Filter>
    </ClCompile>
    <ClCompile Include="lua\ldo.c">
      <Filter>头文件\lua</Filter>
    </ClCompile>
    <ClCompile Include="lua\ldump.c">
      <Filter>头文件\lua</Filter>
    </ClCompile>
    <ClCompile Include="lua\lfunc.c">
      <Filter>头文件\lua</Filter>
    </ClCompile>
    <ClCompile Include="lua\lgc.c">
      <Filter>头文件\lua</Filter>
    </ClCompile>
    <ClCompile Include="lua\linit.c">
      <Filter>头文件\lua</Filter>
    </ClCompile>
    <ClCompile Include="lua\liolib.c">
      <Filter>头文件\lua</Filter>
    </ClCompile>
    <ClCompile Include="lua\llex.c">
      <Filter>头文件\lua</Filter>
    </ClCompile>
    <ClCompile Include="lua\lmathlib.c">
      <Filter>头文件\lua</Filter>
    </ClCompile>
    <ClCompile Include="lua\lmem.c">
      <Filter>头文件\lua</Filter>
    </ClCompile>
    <ClCompile Include="lua\loadlib.c">
      <Filter>头文件\lua</Filter>
    </ClCompile>
    <ClCompile Include="lua\lobject.c">
      <Filter>头文件\lua</Filter>
    </ClCompile>
    <ClCompile Include="lua\lopcodes.c">
      <Filter>头文件\lua</Filter>
    </ClCompile>
    <ClCompile Include="lua\loslib.c">
      <Filter>头文件\lua</Filter>
    </ClCompile>
    <ClCompile Include="lua\lparser.c">
      <Filter>头文件\lua</Filter>
    </ClCompile>
    <ClCompile Include="lua\lstate.c">
      <Filter>头文件\lua</Filter>
    </ClCompile>
    <ClCompile Include="lua\lstring.c">
      <Filter>头文件\lua</Filter>
    </ClCompile>
    <ClCompile Include="C:\Users\U87\source\repos\ConsoleApplication1\ConsoleApplication1\LuaEngine.cpp">
      <Filter>源文件</Filter>
    </ClCompile>
    <ClCompile Include="Dm22_集成lua.cpp">
      <Filter>源文件</Filter>
    </ClCompile>
  </ItemGroup>
  <ItemGroup>
    <ClInclude Include="lua\ltable.h">
      <Filter>头文件\lua</Filter>
    </ClInclude>
    <ClInclude Include="lua\ltm.h">
      <Filter>头文件\lua</Filter>
    </ClInclude>
    <ClInclude Include="lua\lua.h">
      <Filter>头文件\lua</Filter>
    </ClInclude>
    <ClInclude Include="lua\lua.hpp">
      <Filter>头文件\lua</Filter>
    </ClInclude>
    <ClInclude Include="lua\luaconf.h">
      <Filter>头文件\lua</Filter>
    </ClInclude>
    <ClInclude Include="lua\lualib.h">
      <Filter>头文件\lua</Filter>
    </ClInclude>
    <ClInclude Include="lua\lundump.h">
      <Filter>头文件\lua</Filter>
    </ClInclude>
    <ClInclude Include="lua\lvm.h">
      <Filter>头文件\lua</Filter>
    </ClInclude>
    <ClInclude Include="lua\lzio.h">
      <Filter>头文件\lua</Filter>
    </ClInclude>
    <ClInclude Include="lua\lapi.h">
      <Filter>头文件\lua</Filter>
    </ClInclude>
    <ClInclude Include="lua\lauxlib.h">
      <Filter>头文件\lua</Filter>
    </ClInclude>
    <ClInclude Include="lua\lcode.h">
      <Filter>头文件\lua</Filter>
    </ClInclude>
    <ClInclude Include="lua\lctype.h">
      <Filter>头文件\lua</Filter>
    </ClInclude>
    <ClInclude Include="lua\ldebug.h">
      <Filter>头文件\lua</Filter>
    </ClInclude>
    <ClInclude Include="lua\ldo.h">
      <Filter>头文件\lua</Filter>
    </ClInclude>
    <ClInclude Include="lua\lfunc.h">
      <Filter>头文件\lua</Filter>
    </ClInclude>
    <ClInclude Include="lua\lgc.h">
      <Filter>头文件\lua</Filter>
    </ClInclude>
    <ClInclude Include="lua\ljumptab.h">
      <Filter>头文件\lua</Filter>
    </ClInclude>
    <ClInclude Include="lua\llex.h">
      <Filter>头文件\lua</Filter>
    </ClInclude>
    <ClInclude Include="lua\llimits.h">
      <Filter>头文件\lua</Filter>
    </ClInclude>
    <ClInclude Include="lua\lmem.h">
      <Filter>头文件\lua</Filter>
    </ClInclude>
    <ClInclude Include="lua\lobject.h">
      <Filter>头文件\lua</Filter>
    </ClInclude>
    <ClInclude Include="lua\lopcodes.h">
      <Filter>头文件\lua</Filter>
    </ClInclude>
    <ClInclude Include="lua\lopnames.h">
      <Filter>头文件\lua</Filter>
    </ClInclude>
    <ClInclude Include="lua\lparser.h">
      <Filter>头文件\lua</Filter>
    </ClInclude>
    <ClInclude Include="lua\lprefix.h">
      <Filter>头文件\lua</Filter>
    </ClInclude>
    <ClInclude Include="lua\lstate.h">
      <Filter>头文件\lua</Filter>
    </ClInclude>
    <ClInclude Include="lua\lstring.h">
      <Filter>头文件\lua</Filter>
    </ClInclude>
    <ClInclude Include="LuaEngine.h">
      <Filter>头文件</Filter>
    </ClInclude>
  </ItemGroup>
</Project>